
Microsoft Visual Studio Solution File, Format Version 12.00
# Visual Studio 14
VisualStudioVersion = 14.0.22823.1
MinimumVisualStudioVersion = 10.0.40219.1
Project("{2150E333-8FDC-42A3-9474-1A3956D46DE8}") = "D3D12", "D3D12", "{BCDE7BD2-7E91-4E5E-9A0D-DBCD40620A14}"
EndProject
Project("{8BC9CEB8-8B4A-11D0-8D11-00A0C91BC942}") = "D3D12Cube", "D3D12\D3D12Cube\D3D12Cube.vcxproj", "{A3E96AC5-157A-41F9-A2A2-43DA615C294E}"
EndProject
Project("{2150E333-8FDC-42A3-9474-1A3956D46DE8}") = "D2D1", "D2D1", "{2092E3C8-BDCB-4D9B-A5CA-D9084C2E324C}"
EndProject
Project("{8BC9CEB8-8B4A-11D0-8D11-00A0C91BC942}") = "test", "test\test.vcxproj", "{09F7ACF2-9349-425B-9DF1-E745AD77D38C}"
EndProject
Project("{8BC9CEB8-8B4A-11D0-8D11-00A0C91BC942}") = "D2D1Template", "D2D1\D2D1Template\D2D1Template.vcxproj", "{7B1DA6E7-5D89-471F-8B7F-52A0920FA173}"
EndProject
Project("{8BC9CEB8-8B4A-11D0-8D11-00A0C91BC942}") = "D2D1BresenhamMid", "D2D1\D2D1BresenhamMid\D2D1BresenhamMid.vcxproj", "{D9D80257-6538-4A49-9C32-CC66AF2D2E1C}"
EndProject
Project("{8BC9CEB8-8B4A-11D0-8D11-00A0C91BC942}") = "D2D1EdgeFilling", "D2D1\D2D1EdgeFilling\D2D1EdgeFilling.vcxproj", "{5526766B-D886-4F0C-81EE-AB41DEE34028}"
EndProject
Project("{8BC9CEB8-8B4A-11D0-8D11-00A0C91BC942}") = "D2D1MidCircle", "D2D1\D2D1MidCircle\D2D1MidCircle.vcxproj", "{465B44E2-5C0B-4BF8-A023-CE0A4F161D0C}"
EndProject
Project("{8BC9CEB8-8B4A-11D0-8D11-00A0C91BC942}") = "D2D1SeedFilling", "D2D1\D2D1SeedFilling\D2D1SeedFilling.vcxproj", "{AEA41749-2704-4989-8332-FAF744842DB8}"
EndProject
Project("{2150E333-8FDC-42A3-9474-1A3956D46DE8}") = "Game", "Game", "{D8583D4B-9EF7-43A0-9902-604235807EC0}"
EndProject
Project("{8BC9CEB8-8B4A-11D0-8D11-00A0C91BC942}") = "DrawFantasy", "Game\DrawFantasy\DrawFantasy.vcxproj", "{F5445B77-DD07-437F-95C0-59F25BAB77C5}"
EndProject
Project("{2150E333-8FDC-42A3-9474-1A3956D46DE8}") = "NetworkProgramming", "NetworkProgramming", "{70E9685B-808A-44F1-8564-FCE45D2CA748}"
EndProject
Project("{8BC9CEB8-8B4A-11D0-8D11-00A0C91BC942}") = "SenderReceiver", "NetworkProgramming\SenderReceiver\SenderReceiver.vcxproj", "{B691BEC7-80AC-4BF7-B942-62CC89FBC17D}"
EndProject
Global
	GlobalSection(SolutionConfigurationPlatforms) = preSolution
		Debug|x86 = Debug|x86
		Release|x86 = Release|x86
	EndGlobalSection
	GlobalSection(ProjectConfigurationPlatforms) = postSolution
		{A3E96AC5-157A-41F9-A2A2-43DA615C294E}.Debug|x86.ActiveCfg = Debug|Win32
		{A3E96AC5-157A-41F9-A2A2-43DA615C294E}.Debug|x86.Build.0 = Debug|Win32
		{A3E96AC5-157A-41F9-A2A2-43DA615C294E}.Release|x86.ActiveCfg = Release|Win32
		{A3E96AC5-157A-41F9-A2A2-43DA615C294E}.Release|x86.Build.0 = Release|Win32
		{09F7ACF2-9349-425B-9DF1-E745AD77D38C}.Debug|x86.ActiveCfg = Debug|Win32
		{09F7ACF2-9349-425B-9DF1-E745AD77D38C}.Debug|x86.Build.0 = Debug|Win32
		{09F7ACF2-9349-425B-9DF1-E745AD77D38C}.Release|x86.ActiveCfg = Release|Win32
		{09F7ACF2-9349-425B-9DF1-E745AD77D38C}.Release|x86.Build.0 = Release|Win32
		{7B1DA6E7-5D89-471F-8B7F-52A0920FA173}.Debug|x86.ActiveCfg = Debug|Win32
		{7B1DA6E7-5D89-471F-8B7F-52A0920FA173}.Debug|x86.Build.0 = Debug|Win32
		{7B1DA6E7-5D89-471F-8B7F-52A0920FA173}.Release|x86.ActiveCfg = Release|Win32
		{7B1DA6E7-5D89-471F-8B7F-52A0920FA173}.Release|x86.Build.0 = Release|Win32
		{D9D80257-6538-4A49-9C32-CC66AF2D2E1C}.Debug|x86.ActiveCfg = Debug|Win32
		{D9D80257-6538-4A49-9C32-CC66AF2D2E1C}.Debug|x86.Build.0 = Debug|Win32
		{D9D80257-6538-4A49-9C32-CC66AF2D2E1C}.Release|x86.ActiveCfg = Release|Win32
		{D9D80257-6538-4A49-9C32-CC66AF2D2E1C}.Release|x86.Build.0 = Release|Win32
		{5526766B-D886-4F0C-81EE-AB41DEE34028}.Debug|x86.ActiveCfg = Debug|Win32
		{5526766B-D886-4F0C-81EE-AB41DEE34028}.Debug|x86.Build.0 = Debug|Win32
		{5526766B-D886-4F0C-81EE-AB41DEE34028}.Release|x86.ActiveCfg = Release|Win32
		{5526766B-D886-4F0C-81EE-AB41DEE34028}.Release|x86.Build.0 = Release|Win32
		{465B44E2-5C0B-4BF8-A023-CE0A4F161D0C}.Debug|x86.ActiveCfg = Debug|Win32
		{465B44E2-5C0B-4BF8-A023-CE0A4F161D0C}.Debug|x86.Build.0 = Debug|Win32
		{465B44E2-5C0B-4BF8-A023-CE0A4F161D0C}.Release|x86.ActiveCfg = Release|Win32
		{465B44E2-5C0B-4BF8-A023-CE0A4F161D0C}.Release|x86.Build.0 = Release|Win32
		{AEA41749-2704-4989-8332-FAF744842DB8}.Debug|x86.ActiveCfg = Debug|Win32
		{AEA41749-2704-4989-8332-FAF744842DB8}.Debug|x86.Build.0 = Debug|Win32
		{AEA41749-2704-4989-8332-FAF744842DB8}.Release|x86.ActiveCfg = Release|Win32
		{AEA41749-2704-4989-8332-FAF744842DB8}.Release|x86.Build.0 = Release|Win32
		{F5445B77-DD07-437F-95C0-59F25BAB77C5}.Debug|x86.ActiveCfg = Debug|Win32
		{F5445B77-DD07-437F-95C0-59F25BAB77C5}.Debug|x86.Build.0 = Debug|Win32
		{F5445B77-DD07-437F-95C0-59F25BAB77C5}.Release|x86.ActiveCfg = Release|Win32
		{F5445B77-DD07-437F-95C0-59F25BAB77C5}.Release|x86.Build.0 = Release|Win32
		{B691BEC7-80AC-4BF7-B942-62CC89FBC17D}.Debug|x86.ActiveCfg = Debug|Win32
		{B691BEC7-80AC-4BF7-B942-62CC89FBC17D}.Debug|x86.Build.0 = Debug|Win32
		{B691BEC7-80AC-4BF7-B942-62CC89FBC17D}.Release|x86.ActiveCfg = Release|Win32
		{B691BEC7-80AC-4BF7-B942-62CC89FBC17D}.Release|x86.Build.0 = Release|Win32
	EndGlobalSection
	GlobalSection(SolutionProperties) = preSolution
		HideSolutionNode = FALSE
	EndGlobalSection
	GlobalSection(NestedProjects) = preSolution
		{A3E96AC5-157A-41F9-A2A2-43DA615C294E} = {BCDE7BD2-7E91-4E5E-9A0D-DBCD40620A14}
		{7B1DA6E7-5D89-471F-8B7F-52A0920FA173} = {2092E3C8-BDCB-4D9B-A5CA-D9084C2E324C}
		{D9D80257-6538-4A49-9C32-CC66AF2D2E1C} = {2092E3C8-BDCB-4D9B-A5CA-D9084C2E324C}
		{5526766B-D886-4F0C-81EE-AB41DEE34028} = {2092E3C8-BDCB-4D9B-A5CA-D9084C2E324C}
		{465B44E2-5C0B-4BF8-A023-CE0A4F161D0C} = {2092E3C8-BDCB-4D9B-A5CA-D9084C2E324C}
		{AEA41749-2704-4989-8332-FAF744842DB8} = {2092E3C8-BDCB-4D9B-A5CA-D9084C2E324C}
		{F5445B77-DD07-437F-95C0-59F25BAB77C5} = {D8583D4B-9EF7-43A0-9902-604235807EC0}
		{B691BEC7-80AC-4BF7-B942-62CC89FBC17D} = {70E9685B-808A-44F1-8564-FCE45D2CA748}
	EndGlobalSection
EndGlobal
