<?xml version="1.0" encoding="utf-8"?>
<Project ToolsVersion="4.0" xmlns="http://schemas.microsoft.com/developer/msbuild/2003">
  <ItemGroup>
    <Filter Include="common">
      <UniqueIdentifier>{1e9f632f-048f-42d2-9eab-56fd1ed80808}</UniqueIdentifier>
    </Filter>
    <Filter Include="compiler">
      <UniqueIdentifier>{06ea8e15-7357-4b72-9664-45abdc48711c}</UniqueIdentifier>
    </Filter>
    <Filter Include="compiler\preprocessor">
      <UniqueIdentifier>{b9ae4707-da61-45f2-9f62-4c8d00dcf8dd}</UniqueIdentifier>
    </Filter>
    <Filter Include="compiler\translator">
      <UniqueIdentifier>{ca059846-b489-490f-83cd-883de62dcb3e}</UniqueIdentifier>
    </Filter>
    <Filter Include="compiler\translator\depgraph">
      <UniqueIdentifier>{bb510311-439f-4f00-b175-02af5b2106b4}</UniqueIdentifier>
    </Filter>
    <Filter Include="compiler\translator\timing">
      <UniqueIdentifier>{385703ef-414f-4a46-8591-7ade136e7dea}</UniqueIdentifier>
    </Filter>
    <Filter Include="libANGLE">
      <UniqueIdentifier>{1ed06060-d9d0-4a71-afa8-72f765419206}</UniqueIdentifier>
    </Filter>
    <Filter Include="libGLESv2">
      <UniqueIdentifier>{baafa0f3-cb06-433c-ae9d-a051ab2fe44d}</UniqueIdentifier>
    </Filter>
    <Filter Include="third_party">
      <UniqueIdentifier>{c75ae6fd-e61c-40ec-9b85-ca7f660d6a4d}</UniqueIdentifier>
    </Filter>
    <Filter Include="libANGLE\renderer">
      <UniqueIdentifier>{13cc86e4-4e87-4a7e-bfc2-75916f034e71}</UniqueIdentifier>
    </Filter>
    <Filter Include="libANGLE\d3d">
      <UniqueIdentifier>{5bbbf4c0-a192-48dd-9e34-8f3adb4d2876}</UniqueIdentifier>
    </Filter>
    <Filter Include="libANGLE\d3d\d3d11">
      <UniqueIdentifier>{7ac91cf2-80a6-4ee0-8d6f-9ef13767be0a}</UniqueIdentifier>
    </Filter>
    <Filter Include="libANGLE\d3d\d3d11\win32">
      <UniqueIdentifier>{7edf08b6-c13e-4c9d-8981-bcaec7706176}</UniqueIdentifier>
    </Filter>
    <Filter Include="third_party\compiler">
      <UniqueIdentifier>{6142652c-e011-4395-9370-6285bd087948}</UniqueIdentifier>
    </Filter>
    <Filter Include="third_party\murmurhash">
      <UniqueIdentifier>{d43a8374-928a-4a93-9770-a9683e673387}</UniqueIdentifier>
    </Filter>
    <Filter Include="third_party\systeminfo">
      <UniqueIdentifier>{1d68e6e7-d4f1-4e59-a5b3-cfd1769afb6e}</UniqueIdentifier>
    </Filter>
  </ItemGroup>
  <ItemGroup>
    <ClCompile Include="src\common\string_utils.cpp">
      <Filter>common</Filter>
    </ClCompile>
    <ClCompile Include="src\common\tls.cpp">
      <Filter>common</Filter>
    </ClCompile>
    <ClCompile Include="src\common\angleutils.cpp">
      <Filter>common</Filter>
    </ClCompile>
    <ClCompile Include="src\common\debug.cpp">
      <Filter>common</Filter>
    </ClCompile>
    <ClCompile Include="src\common\event_tracer.cpp">
      <Filter>common</Filter>
    </ClCompile>
    <ClCompile Include="src\common\mathutil.cpp">
      <Filter>common</Filter>
    </ClCompile>
    <ClCompile Include="src\common\MemoryBuffer.cpp">
      <Filter>common</Filter>
    </ClCompile>
    <ClCompile Include="src\compiler\translator\VariablePacker.cpp">
      <Filter>compiler\translator</Filter>
    </ClCompile>
    <ClCompile Include="src\compiler\translator\VersionGLSL.cpp">
      <Filter>compiler\translator</Filter>
    </ClCompile>
    <ClCompile Include="src\compiler\translator\ArrayReturnValueToOutParameter.cpp">
      <Filter>compiler\translator</Filter>
    </ClCompile>
    <ClCompile Include="src\compiler\translator\ASTMetadataHLSL.cpp">
      <Filter>compiler\translator</Filter>
    </ClCompile>
    <ClCompile Include="src\compiler\translator\blocklayout.cpp">
      <Filter>compiler\translator</Filter>
    </ClCompile>
    <ClCompile Include="src\compiler\translator\blocklayoutHLSL.cpp">
      <Filter>compiler\translator</Filter>
    </ClCompile>
    <ClCompile Include="src\compiler\translator\BuiltInFunctionEmulator.cpp">
      <Filter>compiler\translator</Filter>
    </ClCompile>
    <ClCompile Include="src\compiler\translator\BuiltInFunctionEmulatorGLSL.cpp">
      <Filter>compiler\translator</Filter>
    </ClCompile>
    <ClCompile Include="src\compiler\translator\BuiltInFunctionEmulatorHLSL.cpp">
      <Filter>compiler\translator</Filter>
    </ClCompile>
    <ClCompile Include="src\compiler\translator\CallDAG.cpp">
      <Filter>compiler\translator</Filter>
    </ClCompile>
    <ClCompile Include="src\compiler\translator\CodeGen.cpp">
      <Filter>compiler\translator</Filter>
    </ClCompile>
    <ClCompile Include="src\compiler\translator\Compiler.cpp">
      <Filter>compiler\translator</Filter>
    </ClCompile>
    <ClCompile Include="src\compiler\translator\Diagnostics.cpp">
      <Filter>compiler\translator</Filter>
    </ClCompile>
    <ClCompile Include="src\compiler\translator\DirectiveHandler.cpp">
      <Filter>compiler\translator</Filter>
    </ClCompile>
    <ClCompile Include="src\compiler\translator\EmulatePrecision.cpp">
      <Filter>compiler\translator</Filter>
    </ClCompile>
    <ClCompile Include="src\compiler\translator\FlagStd140Structs.cpp">
      <Filter>compiler\translator</Filter>
    </ClCompile>
    <ClCompile Include="src\compiler\translator\ForLoopUnroll.cpp">
      <Filter>compiler\translator</Filter>
    </ClCompile>
    <ClCompile Include="src\compiler\translator\glslang_lex.cpp">
      <Filter>compiler\translator</Filter>
    </ClCompile>
    <ClCompile Include="src\compiler\translator\glslang_tab.cpp">
      <Filter>compiler\translator</Filter>
    </ClCompile>
    <ClCompile Include="src\compiler\translator\InfoSink.cpp">
      <Filter>compiler\translator</Filter>
    </ClCompile>
    <ClCompile Include="src\compiler\translator\Initialize.cpp">
      <Filter>compiler\translator</Filter>
    </ClCompile>
    <ClCompile Include="src\compiler\translator\InitializeDll.cpp">
      <Filter>compiler\translator</Filter>
    </ClCompile>
    <ClCompile Include="src\compiler\translator\InitializeParseContext.cpp">
      <Filter>compiler\translator</Filter>
    </ClCompile>
    <ClCompile Include="src\compiler\translator\InitializeVariables.cpp">
      <Filter>compiler\translator</Filter>
    </ClCompile>
    <ClCompile Include="src\compiler\translator\Intermediate.cpp">
      <Filter>compiler\translator</Filter>
    </ClCompile>
    <ClCompile Include="src\compiler\translator\IntermNode.cpp">
      <Filter>compiler\translator</Filter>
    </ClCompile>
    <ClCompile Include="src\compiler\translator\intermOut.cpp">
      <Filter>compiler\translator</Filter>
    </ClCompile>
    <ClCompile Include="src\compiler\translator\IntermTraverse.cpp">
      <Filter>compiler\translator</Filter>
    </ClCompile>
    <ClCompile Include="src\compiler\translator\LoopInfo.cpp">
      <Filter>compiler\translator</Filter>
    </ClCompile>
    <ClCompile Include="src\compiler\translator\Operator.cpp">
      <Filter>compiler\translator</Filter>
    </ClCompile>
    <ClCompile Include="src\compiler\translator\OutputESSL.cpp">
      <Filter>compiler\translator</Filter>
    </ClCompile>
    <ClCompile Include="src\compiler\translator\OutputGLSL.cpp">
      <Filter>compiler\translator</Filter>
    </ClCompile>
    <ClCompile Include="src\compiler\translator\OutputGLSLBase.cpp">
      <Filter>compiler\translator</Filter>
    </ClCompile>
    <ClCompile Include="src\compiler\translator\OutputHLSL.cpp">
      <Filter>compiler\translator</Filter>
    </ClCompile>
    <ClCompile Include="src\compiler\translator\parseConst.cpp">
      <Filter>compiler\translator</Filter>
    </ClCompile>
    <ClCompile Include="src\compiler\translator\ParseContext.cpp">
      <Filter>compiler\translator</Filter>
    </ClCompile>
    <ClCompile Include="src\compiler\translator\PoolAlloc.cpp">
      <Filter>compiler\translator</Filter>
    </ClCompile>
    <ClCompile Include="src\compiler\translator\PruneEmptyDeclarations.cpp">
      <Filter>compiler\translator</Filter>
    </ClCompile>
    <ClCompile Include="src\compiler\translator\RecordConstantPrecision.cpp">
      <Filter>compiler\translator</Filter>
    </ClCompile>
    <ClCompile Include="src\compiler\translator\RegenerateStructNames.cpp">
      <Filter>compiler\translator</Filter>
    </ClCompile>
    <ClCompile Include="src\compiler\translator\RemovePow.cpp">
      <Filter>compiler\translator</Filter>
    </ClCompile>
    <ClCompile Include="src\compiler\translator\RemoveSwitchFallThrough.cpp">
      <Filter>compiler\translator</Filter>
    </ClCompile>
    <ClCompile Include="src\compiler\translator\RewriteElseBlocks.cpp">
      <Filter>compiler\translator</Filter>
    </ClCompile>
    <ClCompile Include="src\compiler\translator\ScalarizeVecAndMatConstructorArgs.cpp">
      <Filter>compiler\translator</Filter>
    </ClCompile>
    <ClCompile Include="src\compiler\translator\SearchSymbol.cpp">
      <Filter>compiler\translator</Filter>
    </ClCompile>
    <ClCompile Include="src\compiler\translator\SeparateArrayInitialization.cpp">
      <Filter>compiler\translator</Filter>
    </ClCompile>
    <ClCompile Include="src\compiler\translator\SeparateDeclarations.cpp">
      <Filter>compiler\translator</Filter>
    </ClCompile>
    <ClCompile Include="src\compiler\translator\SeparateExpressionsReturningArrays.cpp">
      <Filter>compiler\translator</Filter>
    </ClCompile>
    <ClCompile Include="src\compiler\translator\ShaderLang.cpp">
      <Filter>compiler\translator</Filter>
    </ClCompile>
    <ClCompile Include="src\compiler\translator\ShaderVars.cpp">
      <Filter>compiler\translator</Filter>
    </ClCompile>
    <ClCompile Include="src\compiler\translator\StructureHLSL.cpp">
      <Filter>compiler\translator</Filter>
    </ClCompile>
    <ClCompile Include="src\compiler\translator\SymbolTable.cpp">
      <Filter>compiler\translator</Filter>
    </ClCompile>
    <ClCompile Include="src\compiler\translator\TranslatorESSL.cpp">
      <Filter>compiler\translator</Filter>
    </ClCompile>
    <ClCompile Include="src\compiler\translator\TranslatorGLSL.cpp">
      <Filter>compiler\translator</Filter>
    </ClCompile>
    <ClCompile Include="src\compiler\translator\TranslatorHLSL.cpp">
      <Filter>compiler\translator</Filter>
    </ClCompile>
    <ClCompile Include="src\compiler\translator\Types.cpp">
      <Filter>compiler\translator</Filter>
    </ClCompile>
    <ClCompile Include="src\compiler\translator\UnfoldShortCircuitAST.cpp">
      <Filter>compiler\translator</Filter>
    </ClCompile>
    <ClCompile Include="src\compiler\translator\UnfoldShortCircuitToIf.cpp">
      <Filter>compiler\translator</Filter>
    </ClCompile>
    <ClCompile Include="src\compiler\translator\UniformHLSL.cpp">
      <Filter>compiler\translator</Filter>
    </ClCompile>
    <ClCompile Include="src\compiler\translator\util.cpp">
      <Filter>compiler\translator</Filter>
    </ClCompile>
    <ClCompile Include="src\compiler\translator\UtilsHLSL.cpp">
      <Filter>compiler\translator</Filter>
    </ClCompile>
    <ClCompile Include="src\compiler\translator\ValidateGlobalInitializer.cpp">
      <Filter>compiler\translator</Filter>
    </ClCompile>
    <ClCompile Include="src\compiler\translator\ValidateLimitations.cpp">
      <Filter>compiler\translator</Filter>
    </ClCompile>
    <ClCompile Include="src\compiler\translator\ValidateOutputs.cpp">
      <Filter>compiler\translator</Filter>
    </ClCompile>
    <ClCompile Include="src\compiler\translator\ValidateSwitch.cpp">
      <Filter>compiler\translator</Filter>
    </ClCompile>
    <ClCompile Include="src\compiler\translator\VariableInfo.cpp">
      <Filter>compiler\translator</Filter>
    </ClCompile>
    <ClCompile Include="src\compiler\translator\depgraph\DependencyGraphOutput.cpp">
      <Filter>compiler\translator\depgraph</Filter>
    </ClCompile>
    <ClCompile Include="src\compiler\translator\depgraph\DependencyGraphTraverse.cpp">
      <Filter>compiler\translator\depgraph</Filter>
    </ClCompile>
    <ClCompile Include="src\compiler\translator\depgraph\DependencyGraph.cpp">
      <Filter>compiler\translator\depgraph</Filter>
    </ClCompile>
    <ClCompile Include="src\compiler\translator\depgraph\DependencyGraphBuilder.cpp">
      <Filter>compiler\translator\depgraph</Filter>
    </ClCompile>
    <ClCompile Include="src\compiler\translator\timing\RestrictVertexShaderTiming.cpp">
      <Filter>compiler\translator\timing</Filter>
    </ClCompile>
    <ClCompile Include="src\compiler\translator\timing\RestrictFragmentShaderTiming.cpp">
      <Filter>compiler\translator\timing</Filter>
    </ClCompile>
    <ClCompile Include="src\compiler\preprocessor\Lexer.cpp">
      <Filter>compiler\preprocessor</Filter>
    </ClCompile>
    <ClCompile Include="src\compiler\preprocessor\Macro.cpp">
      <Filter>compiler\preprocessor</Filter>
    </ClCompile>
    <ClCompile Include="src\compiler\preprocessor\MacroExpander.cpp">
      <Filter>compiler\preprocessor</Filter>
    </ClCompile>
    <ClCompile Include="src\compiler\preprocessor\Preprocessor.cpp">
      <Filter>compiler\preprocessor</Filter>
    </ClCompile>
    <ClCompile Include="src\compiler\preprocessor\Token.cpp">
      <Filter>compiler\preprocessor</Filter>
    </ClCompile>
    <ClCompile Include="src\compiler\preprocessor\Tokenizer.cpp">
      <Filter>compiler\preprocessor</Filter>
    </ClCompile>
    <ClCompile Include="src\compiler\preprocessor\DiagnosticsBase.cpp">
      <Filter>compiler\preprocessor</Filter>
    </ClCompile>
    <ClCompile Include="src\compiler\preprocessor\DirectiveHandlerBase.cpp">
      <Filter>compiler\preprocessor</Filter>
    </ClCompile>
    <ClCompile Include="src\compiler\preprocessor\DirectiveParser.cpp">
      <Filter>compiler\preprocessor</Filter>
    </ClCompile>
    <ClCompile Include="src\compiler\preprocessor\ExpressionParser.cpp">
      <Filter>compiler\preprocessor</Filter>
    </ClCompile>
    <ClCompile Include="src\compiler\preprocessor\Input.cpp">
      <Filter>compiler\preprocessor</Filter>
    </ClCompile>
    <ClCompile Include="src\libANGLE\Caps.cpp">
      <Filter>libANGLE</Filter>
    </ClCompile>
    <ClCompile Include="src\libANGLE\Config.cpp">
      <Filter>libANGLE</Filter>
    </ClCompile>
    <ClCompile Include="src\libANGLE\Context.cpp">
      <Filter>libANGLE</Filter>
    </ClCompile>
    <ClCompile Include="src\libANGLE\Data.cpp">
      <Filter>libANGLE</Filter>
    </ClCompile>
    <ClCompile Include="src\libANGLE\Device.cpp">
      <Filter>libANGLE</Filter>
    </ClCompile>
    <ClCompile Include="src\libANGLE\Display.cpp">
      <Filter>libANGLE</Filter>
    </ClCompile>
    <ClCompile Include="src\libANGLE\Error.cpp">
      <Filter>libANGLE</Filter>
    </ClCompile>
    <ClCompile Include="src\libANGLE\Fence.cpp">
      <Filter>libANGLE</Filter>
    </ClCompile>
    <ClCompile Include="src\libANGLE\Float16ToFloat32.cpp">
      <Filter>libANGLE</Filter>
    </ClCompile>
    <ClCompile Include="src\libANGLE\formatutils.cpp">
      <Filter>libANGLE</Filter>
    </ClCompile>
    <ClCompile Include="src\libANGLE\Framebuffer.cpp">
      <Filter>libANGLE</Filter>
    </ClCompile>
    <ClCompile Include="src\libANGLE\FramebufferAttachment.cpp">
      <Filter>libANGLE</Filter>
    </ClCompile>
    <ClCompile Include="src\libANGLE\HandleAllocator.cpp">
      <Filter>libANGLE</Filter>
    </ClCompile>
    <ClCompile Include="src\libANGLE\ImageIndex.cpp">
      <Filter>libANGLE</Filter>
    </ClCompile>
    <ClCompile Include="src\libANGLE\IndexRangeCache.cpp">
      <Filter>libANGLE</Filter>
    </ClCompile>
    <ClCompile Include="src\libANGLE\Platform.cpp">
      <Filter>libANGLE</Filter>
    </ClCompile>
    <ClCompile Include="src\libANGLE\Program.cpp">
      <Filter>libANGLE</Filter>
    </ClCompile>
    <ClCompile Include="src\libANGLE\Query.cpp">
      <Filter>libANGLE</Filter>
    </ClCompile>
    <ClCompile Include="src\libANGLE\queryconversions.cpp">
      <Filter>libANGLE</Filter>
    </ClCompile>
    <ClCompile Include="src\libANGLE\RefCountObject.cpp">
      <Filter>libANGLE</Filter>
    </ClCompile>
    <ClCompile Include="src\libANGLE\Renderbuffer.cpp">
      <Filter>libANGLE</Filter>
    </ClCompile>
    <ClCompile Include="src\libANGLE\ResourceManager.cpp">
      <Filter>libANGLE</Filter>
    </ClCompile>
    <ClCompile Include="src\libANGLE\Sampler.cpp">
      <Filter>libANGLE</Filter>
    </ClCompile>
    <ClCompile Include="src\libANGLE\Shader.cpp">
      <Filter>libANGLE</Filter>
    </ClCompile>
    <ClCompile Include="src\libANGLE\State.cpp">
      <Filter>libANGLE</Filter>
    </ClCompile>
    <ClCompile Include="src\libANGLE\Surface.cpp">
      <Filter>libANGLE</Filter>
    </ClCompile>
    <ClCompile Include="src\libANGLE\Texture.cpp">
      <Filter>libANGLE</Filter>
    </ClCompile>
    <ClCompile Include="src\libANGLE\TransformFeedback.cpp">
      <Filter>libANGLE</Filter>
    </ClCompile>
    <ClCompile Include="src\libANGLE\Uniform.cpp">
      <Filter>libANGLE</Filter>
    </ClCompile>
    <ClCompile Include="src\libANGLE\validationEGL.cpp">
      <Filter>libANGLE</Filter>
    </ClCompile>
    <ClCompile Include="src\libANGLE\validationES.cpp">
      <Filter>libANGLE</Filter>
    </ClCompile>
    <ClCompile Include="src\libANGLE\validationES2.cpp">
      <Filter>libANGLE</Filter>
    </ClCompile>
    <ClCompile Include="src\libANGLE\validationES3.cpp">
      <Filter>libANGLE</Filter>
    </ClCompile>
    <ClCompile Include="src\libANGLE\VertexArray.cpp">
      <Filter>libANGLE</Filter>
    </ClCompile>
    <ClCompile Include="src\libANGLE\VertexAttribute.cpp">
      <Filter>libANGLE</Filter>
    </ClCompile>
    <ClCompile Include="src\libANGLE\angletypes.cpp">
      <Filter>libANGLE</Filter>
    </ClCompile>
    <ClCompile Include="src\libANGLE\AttributeMap.cpp">
      <Filter>libANGLE</Filter>
    </ClCompile>
    <ClCompile Include="src\libANGLE\Buffer.cpp">
      <Filter>libANGLE</Filter>
    </ClCompile>
    <ClCompile Include="src\libANGLE\renderer\ProgramImpl.cpp">
      <Filter>libANGLE\renderer</Filter>
    </ClCompile>
    <ClCompile Include="src\libANGLE\renderer\RenderbufferImpl.cpp">
      <Filter>libANGLE\renderer</Filter>
    </ClCompile>
    <ClCompile Include="src\libANGLE\renderer\Renderer.cpp">
      <Filter>libANGLE\renderer</Filter>
    </ClCompile>
    <ClCompile Include="src\libANGLE\renderer\SurfaceImpl.cpp">
      <Filter>libANGLE\renderer</Filter>
    </ClCompile>
    <ClCompile Include="src\libANGLE\renderer\DeviceImpl.cpp">
      <Filter>libANGLE\renderer</Filter>
    </ClCompile>
    <ClCompile Include="src\libANGLE\renderer\DisplayImpl.cpp">
      <Filter>libANGLE\renderer</Filter>
    </ClCompile>
    <ClCompile Include="src\libANGLE\renderer\d3d\RenderTargetD3D.cpp">
      <Filter>libANGLE\d3d</Filter>
    </ClCompile>
    <ClCompile Include="src\libANGLE\renderer\d3d\ShaderD3D.cpp">
      <Filter>libANGLE\d3d</Filter>
    </ClCompile>
    <ClCompile Include="src\libANGLE\renderer\d3d\ShaderExecutableD3D.cpp">
      <Filter>libANGLE\d3d</Filter>
    </ClCompile>
    <ClCompile Include="src\libANGLE\renderer\d3d\SurfaceD3D.cpp">
      <Filter>libANGLE\d3d</Filter>
    </ClCompile>
    <ClCompile Include="src\libANGLE\renderer\d3d\TextureD3D.cpp">
      <Filter>libANGLE\d3d</Filter>
    </ClCompile>
    <ClCompile Include="src\libANGLE\renderer\d3d\TextureStorage.cpp">
      <Filter>libANGLE\d3d</Filter>
    </ClCompile>
    <ClCompile Include="src\libANGLE\renderer\d3d\TransformFeedbackD3D.cpp">
      <Filter>libANGLE\d3d</Filter>
    </ClCompile>
    <ClCompile Include="src\libANGLE\renderer\d3d\VertexBuffer.cpp">
      <Filter>libANGLE\d3d</Filter>
    </ClCompile>
    <ClCompile Include="src\libANGLE\renderer\d3d\VertexDataManager.cpp">
      <Filter>libANGLE\d3d</Filter>
    </ClCompile>
    <ClCompile Include="src\libANGLE\renderer\d3d\BufferD3D.cpp">
      <Filter>libANGLE\d3d</Filter>
    </ClCompile>
    <ClCompile Include="src\libANGLE\renderer\d3d\CompilerD3D.cpp">
      <Filter>libANGLE\d3d</Filter>
    </ClCompile>
    <ClCompile Include="src\libANGLE\renderer\d3d\copyimage.cpp">
      <Filter>libANGLE\d3d</Filter>
    </ClCompile>
    <ClCompile Include="src\libANGLE\renderer\d3d\DeviceD3D.cpp">
      <Filter>libANGLE\d3d</Filter>
    </ClCompile>
    <ClCompile Include="src\libANGLE\renderer\d3d\DisplayD3D.cpp">
      <Filter>libANGLE\d3d</Filter>
    </ClCompile>
    <ClCompile Include="src\libANGLE\renderer\d3d\DynamicHLSL.cpp">
      <Filter>libANGLE\d3d</Filter>
    </ClCompile>
    <ClCompile Include="src\libANGLE\renderer\d3d\formatutilsD3D.cpp">
      <Filter>libANGLE\d3d</Filter>
    </ClCompile>
    <ClCompile Include="src\libANGLE\renderer\d3d\FramebufferD3D.cpp">
      <Filter>libANGLE\d3d</Filter>
    </ClCompile>
    <ClCompile Include="src\libANGLE\renderer\d3d\HLSLCompiler.cpp">
      <Filter>libANGLE\d3d</Filter>
    </ClCompile>
    <ClCompile Include="src\libANGLE\renderer\d3d\ImageD3D.cpp">
      <Filter>libANGLE\d3d</Filter>
    </ClCompile>
    <ClCompile Include="src\libANGLE\renderer\d3d\IndexBuffer.cpp">
      <Filter>libANGLE\d3d</Filter>
    </ClCompile>
    <ClCompile Include="src\libANGLE\renderer\d3d\IndexDataManager.cpp">
      <Filter>libANGLE\d3d</Filter>
    </ClCompile>
    <ClCompile Include="src\libANGLE\renderer\d3d\loadimage.cpp">
      <Filter>libANGLE\d3d</Filter>
    </ClCompile>
    <ClCompile Include="src\libANGLE\renderer\d3d\loadimageSSE2.cpp">
      <Filter>libANGLE\d3d</Filter>
    </ClCompile>
    <ClCompile Include="src\libANGLE\renderer\d3d\ProgramD3D.cpp">
      <Filter>libANGLE\d3d</Filter>
    </ClCompile>
    <ClCompile Include="src\libANGLE\renderer\d3d\RenderbufferD3D.cpp">
      <Filter>libANGLE\d3d</Filter>
    </ClCompile>
    <ClCompile Include="src\libANGLE\renderer\d3d\RendererD3D.cpp">
      <Filter>libANGLE\d3d</Filter>
    </ClCompile>
    <ClCompile Include="src\libANGLE\renderer\d3d\d3d11\InputLayoutCache.cpp">
      <Filter>libANGLE\d3d\d3d11</Filter>
    </ClCompile>
    <ClCompile Include="src\libANGLE\renderer\d3d\d3d11\PixelTransfer11.cpp">
      <Filter>libANGLE\d3d\d3d11</Filter>
    </ClCompile>
    <ClCompile Include="src\libANGLE\renderer\d3d\d3d11\Query11.cpp">
      <Filter>libANGLE\d3d\d3d11</Filter>
    </ClCompile>
    <ClCompile Include="src\libANGLE\renderer\d3d\d3d11\Renderer11.cpp">
      <Filter>libANGLE\d3d\d3d11</Filter>
    </ClCompile>
    <ClCompile Include="src\libANGLE\renderer\d3d\d3d11\renderer11_utils.cpp">
      <Filter>libANGLE\d3d\d3d11</Filter>
    </ClCompile>
    <ClCompile Include="src\libANGLE\renderer\d3d\d3d11\RenderStateCache.cpp">
      <Filter>libANGLE\d3d\d3d11</Filter>
    </ClCompile>
    <ClCompile Include="src\libANGLE\renderer\d3d\d3d11\RenderTarget11.cpp">
      <Filter>libANGLE\d3d\d3d11</Filter>
    </ClCompile>
    <ClCompile Include="src\libANGLE\renderer\d3d\d3d11\ShaderExecutable11.cpp">
      <Filter>libANGLE\d3d\d3d11</Filter>
    </ClCompile>
    <ClCompile Include="src\libANGLE\renderer\d3d\d3d11\SwapChain11.cpp">
      <Filter>libANGLE\d3d\d3d11</Filter>
    </ClCompile>
    <ClCompile Include="src\libANGLE\renderer\d3d\d3d11\TextureStorage11.cpp">
      <Filter>libANGLE\d3d\d3d11</Filter>
    </ClCompile>
    <ClCompile Include="src\libANGLE\renderer\d3d\d3d11\Trim11.cpp">
      <Filter>libANGLE\d3d\d3d11</Filter>
    </ClCompile>
    <ClCompile Include="src\libANGLE\renderer\d3d\d3d11\VertexBuffer11.cpp">
      <Filter>libANGLE\d3d\d3d11</Filter>
    </ClCompile>
    <ClCompile Include="src\libANGLE\renderer\d3d\d3d11\Blit11.cpp">
      <Filter>libANGLE\d3d\d3d11</Filter>
    </ClCompile>
    <ClCompile Include="src\libANGLE\renderer\d3d\d3d11\Buffer11.cpp">
      <Filter>libANGLE\d3d\d3d11</Filter>
    </ClCompile>
    <ClCompile Include="src\libANGLE\renderer\d3d\d3d11\Clear11.cpp">
      <Filter>libANGLE\d3d\d3d11</Filter>
    </ClCompile>
    <ClCompile Include="src\libANGLE\renderer\d3d\d3d11\DebugAnnotator11.cpp">
      <Filter>libANGLE\d3d\d3d11</Filter>
    </ClCompile>
    <ClCompile Include="src\libANGLE\renderer\d3d\d3d11\dxgi_support_table.cpp">
      <Filter>libANGLE\d3d\d3d11</Filter>
    </ClCompile>
    <ClCompile Include="src\libANGLE\renderer\d3d\d3d11\Fence11.cpp">
      <Filter>libANGLE\d3d\d3d11</Filter>
    </ClCompile>
    <ClCompile Include="src\libANGLE\renderer\d3d\d3d11\formatutils11.cpp">
      <Filter>libANGLE\d3d\d3d11</Filter>
    </ClCompile>
    <ClCompile Include="src\libANGLE\renderer\d3d\d3d11\Framebuffer11.cpp">
      <Filter>libANGLE\d3d\d3d11</Filter>
    </ClCompile>
    <ClCompile Include="src\libANGLE\renderer\d3d\d3d11\Image11.cpp">
      <Filter>libANGLE\d3d\d3d11</Filter>
    </ClCompile>
    <ClCompile Include="src\libANGLE\renderer\d3d\d3d11\IndexBuffer11.cpp">
      <Filter>libANGLE\d3d\d3d11</Filter>
    </ClCompile>
    <ClCompile Include="src\libANGLE\renderer\d3d\d3d11\win32\NativeWindow.cpp">
      <Filter>libANGLE\d3d\d3d11\win32</Filter>
    </ClCompile>
    <ClCompile Include="src\libGLESv2\entry_points_gles_3_0_ext.cpp">
      <Filter>libGLESv2</Filter>
    </ClCompile>
    <ClCompile Include="src\libGLESv2\global_state.cpp">
      <Filter>libGLESv2</Filter>
    </ClCompile>
    <ClCompile Include="src\libGLESv2\entry_points_egl.cpp">
      <Filter>libGLESv2</Filter>
    </ClCompile>
    <ClCompile Include="src\libGLESv2\entry_points_egl_ext.cpp">
      <Filter>libGLESv2</Filter>
    </ClCompile>
    <ClCompile Include="src\libGLESv2\entry_points_gles_2_0.cpp">
      <Filter>libGLESv2</Filter>
    </ClCompile>
    <ClCompile Include="src\libGLESv2\entry_points_gles_2_0_ext.cpp">
      <Filter>libGLESv2</Filter>
    </ClCompile>
    <ClCompile Include="src\libGLESv2\entry_points_gles_3_0.cpp">
      <Filter>libGLESv2</Filter>
    </ClCompile>
    <ClCompile Include="src\third_party\compiler\ArrayBoundsClamper.cpp">
      <Filter>third_party\compiler</Filter>
    </ClCompile>
    <ClCompile Include="src\third_party\murmurhash\MurmurHash3.cpp">
      <Filter>third_party\murmurhash</Filter>
    </ClCompile>
    <ClCompile Include="src\third_party\systeminfo\SystemInfo.cpp">
      <Filter>third_party\systeminfo</Filter>
    </ClCompile>
    <ClCompile Include="src\libANGLE\libANGLE_Compiler.cpp">
      <Filter>libANGLE</Filter>
    </ClCompile>
    <ClCompile Include="src\common\utilities.cpp">
      <Filter>common</Filter>
    </ClCompile>
    <ClCompile Include="src\libGLESv2\libGLESv2.cpp">
      <Filter>libGLESv2</Filter>
    </ClCompile>
  </ItemGroup>
  <ItemGroup>
    <None Include="src\libGLESv2\libGLESv2.def">
      <Filter>libGLESv2</Filter>
    </None>
  </ItemGroup>
  <ItemGroup>
    <ResourceCompile Include="src\libGLESv2\libGLESv2.rc">
      <Filter>libGLESv2</Filter>
    </ResourceCompile>
  </ItemGroup>
</Project>